# THIS IS AN AUTOGENERATED FILE. DO NOT EDIT THIS FILE DIRECTLY.
# yarn lockfile v1


"@now/node@^1.4.1":
  version "1.4.1"
  resolved "https://registry.yarnpkg.com/@now/node/-/node-1.4.1.tgz#a07e22abb34d892e77fef1471f35518ddb39dbfc"
  integrity sha512-EjP/pdBMKsEMCGQ1OLLmBGnjA3QZG1erYTrMqmDVqypeQsY1UUFTY4h1C4d6WNq33qk/nMxpcJzuAhxt+nLQyg==
  dependencies:
    "@types/node" "*"

"@types/node@*":
  version "13.7.6"
  resolved "https://registry.yarnpkg.com/@types/node/-/node-13.7.6.tgz#cb734a7c191472ae6a2b3a502b4dfffcea974113"
  integrity sha512-eyK7MWD0R1HqVTp+PtwRgFeIsemzuj4gBFSQxfPHY5iMjS7474e5wq+VFgTcdpyHeNxyKSaetYAjdMLJlKoWqA==

micro-cors@^0.1.1:
  version "0.1.1"
  resolved "https://registry.yarnpkg.com/micro-cors/-/micro-cors-0.1.1.tgz#af7a480182c114ffd1ada84ad9dffc52bb4f4054"
  integrity sha512-6WqIahA5sbQR1Gjexp1VuWGFDKbZZleJb/gy1khNGk18a6iN1FdTcr3Q8twaxkV5H94RjxIBjirYbWCehpMBFw==

node-fetch@^2.6.7:
  version "2.6.7"
  resolved "https://registry.yarnpkg.com/node-fetch/-/node-fetch-2.6.7.tgz#24de9fba827e3b4ae44dc8b20256a379160052ad"
  integrity sha512-ZjMPFEfVx5j+y2yF35Kzx5sF7kDzxuDj6ziH4FFbOp87zKDZNx8yExJIb05OGF4Nlt9IHFIMBkRl41VdvcNdbQ==
  dependencies:
    whatwg-url "^5.0.0"

tr46@~0.0.3:
  version "0.0.3"
  resolved "https://registry.yarnpkg.com/tr46/-/tr46-0.0.3.tgz#8184fd347dac9cdc185992f3a6622e14b9d9ab6a"
  integrity sha512-N3WMsuqV66lT30CrXNbEjx4GEwlow3v6rr4mCcv6prnfwhS01rkgyFdjPNBYd9br7LpXV1+Emh01fHnq2Gdgrw==

webidl-conversions@^3.0.0:
  version "3.0.1"
  resolved "https://registry.yarnpkg.com/webidl-conversions/-/webidl-conversions-3.0.1.tgz#24534275e2a7bc6be7bc86611cc16ae0a5654871"
  integrity sha512-2JAn3z8AR6rjK8Sm8orRC0h/bcl/DqL7tRPdGZ4I1CjdF+EaMLmYxBHyXuKL849eucPFhvBoxMsflfOb8kxaeQ==

whatwg-url@^5.0.0:
  version "5.0.0"
  resolved "https://registry.yarnpkg.com/whatwg-url/-/whatwg-url-5.0.0.tgz#966454e8765462e37644d3626f6742ce8b70965d"
  integrity sha512-saE57nupxk6v3HY35+jzBwYa0rKSy0XR8JSxZPwgLr7ys0IBzhGviA1/TUGJLmSVqs8pb9AnvICXEuOHLprYTw==
  dependencies:
    tr46 "~0.0.3"
    webidl-conversions "^3.0.0"
