# THIS IS AN AUTOGENERATED FILE. DO NOT EDIT THIS FILE DIRECTLY.
# yarn lockfile v1


"@now/node@^1.4.1":
  version "1.4.1"
  resolved "https://registry.yarnpkg.com/@now/node/-/node-1.4.1.tgz#a07e22abb34d892e77fef1471f35518ddb39dbfc"
  integrity sha512-EjP/pdBMKsEMCGQ1OLLmBGnjA3QZG1erYTrMqmDVqypeQsY1UUFTY4h1C4d6WNq33qk/nMxpcJzuAhxt+nLQyg==
  dependencies:
    "@types/node" "*"

"@types/node@*":
  version "13.7.6"
  resolved "https://registry.yarnpkg.com/@types/node/-/node-13.7.6.tgz#cb734a7c191472ae6a2b3a502b4dfffcea974113"
  integrity sha512-eyK7MWD0R1HqVTp+PtwRgFeIsemzuj4gBFSQxfPHY5iMjS7474e5wq+VFgTcdpyHeNxyKSaetYAjdMLJlKoWqA==

micro-cors@^0.1.1:
  version "0.1.1"
  resolved "https://registry.yarnpkg.com/micro-cors/-/micro-cors-0.1.1.tgz#af7a480182c114ffd1ada84ad9dffc52bb4f4054"
  integrity sha512-6WqIahA5sbQR1Gjexp1VuWGFDKbZZleJb/gy1khNGk18a6iN1FdTcr3Q8twaxkV5H94RjxIBjirYbWCehpMBFw==

node-fetch@^2.6.1:
  version "2.6.1"
  resolved "https://registry.yarnpkg.com/node-fetch/-/node-fetch-2.6.1.tgz#045bd323631f76ed2e2b55573394416b639a0052"
  integrity sha512-V4aYg89jEoVRxRb2fJdAg8FHvI7cEyYdVAh94HH0UIK8oJxUfkjlDQN9RbMx+bEjP7+ggMiFRprSti032Oipxw==
